
Microsoft Visual Studio Solution File, Format Version 12.00
# Visual Studio Version 17
VisualStudioVersion = 17.8.34601.278
MinimumVisualStudioVersion = 10.0.40219.1
Project("{9A19103F-16F7-4668-BE54-9A1E7A4F7556}") = "DWDNBD_E3_1", "DWDNBD_E3_1.csproj", "{C879034D-F191-435A-B7DE-0A65D206F956}"
EndProject
Global
	GlobalSection(SolutionConfigurationPlatforms) = preSolution
		Debug|Any CPU = Debug|Any CPU
		Release|Any CPU = Release|Any CPU
	EndGlobalSection
	GlobalSection(ProjectConfigurationPlatforms) = postSolution
		{C879034D-F191-435A-B7DE-0A65D206F956}.Debug|Any CPU.ActiveCfg = Debug|Any CPU
		{C879034D-F191-435A-B7DE-0A65D206F956}.Debug|Any CPU.Build.0 = Debug|Any CPU
		{C879034D-F191-435A-B7DE-0A65D206F956}.Release|Any CPU.ActiveCfg = Release|Any CPU
		{C879034D-F191-435A-B7DE-0A65D206F956}.Release|Any CPU.Build.0 = Release|Any CPU
	EndGlobalSection
	GlobalSection(SolutionProperties) = preSolution
		HideSolutionNode = FALSE
	EndGlobalSection
	GlobalSection(ExtensibilityGlobals) = postSolution
		SolutionGuid = {4071209F-D3BD-4DA2-A9E1-7515CC666181}
	EndGlobalSection
EndGlobal
